schema: '2.0'
stages:
  preprocess:
    cmd: python3 src/data/process.py
    deps:
    - path: data/raw/telco_data.xlsx
      hash: md5
      md5: 8534d3efea2a52104cba8605fef6a7df
      size: 1368250
    - path: src/data/process.py
      hash: md5
      md5: 98461e9194251b13627f02bf1e985623
      size: 2550
    params:
      params.yaml:
        split.test_size: 0.2
    outs:
    - path: data/processed
      hash: md5
      md5: a308fa0c762cf474a8e6144c7ae63098.dir
      size: 3664833
      nfiles: 4
  train:
    cmd: python3 src/models/train.py
    deps:
    - path: data/processed
      hash: md5
      md5: a308fa0c762cf474a8e6144c7ae63098.dir
      size: 3664833
      nfiles: 4
    - path: src/models/train.py
      hash: md5
      md5: bcf11e591f2aa9495a8f3a6071b5f9e1
      size: 2272
    params:
      params.yaml:
        model.max_depth: 5
        model.n_estimators: 100
    outs:
    - path: models/model.joblib
      hash: md5
      md5: dc6fb3d8084ddbfe0e0281e2f71ca333
      size: 508649
